PODS:
  - OpenCV-Dynamic-Framework (4.5.5)

DEPENDENCIES:
  - OpenCV-Dynamic-Framework

SPEC REPOS:
  trunk:
    - OpenCV-Dynamic-Framework

SPEC CHECKSUMS:
  OpenCV-Dynamic-Framework: 057e8504d1847cc8b24a550f25987bfec885177f

PODFILE CHECKSUM: 85663ce4442731bc5dc2ca3ba5d352cf34471c9a

COCOAPODS: 1.11.3
